
Microsoft Visual Studio Solution File, Format Version 12.00
# Visual Studio Version 17
VisualStudioVersion = 17.9.34701.34
MinimumVisualStudioVersion = 10.0.40219.1
Project("{9A19103F-16F7-4668-BE54-9A1E7A4F7556}") = "primera_clase", "primera_clase\primera_clase.csproj", "{1D6941EB-DAEF-4DCB-BE2E-C37D1CDEA261}"
EndProject
Project("{9A19103F-16F7-4668-BE54-9A1E7A4F7556}") = "RepasoCondicionales", "RepasoCondicionales\RepasoCondicionales.csproj", "{27E6908E-E2DA-4F0A-8043-5ED239A67BFE}"
EndProject
Project("{9A19103F-16F7-4668-BE54-9A1E7A4F7556}") = "EJERCICIO1", "EJERCICIO1\EJERCICIO1.csproj", "{9B9CBD72-50C7-4FF9-86BE-4F8501FB08B9}"
EndProject
Project("{9A19103F-16F7-4668-BE54-9A1E7A4F7556}") = "EJERCICIO2", "EJERCICIO2\EJERCICIO2.csproj", "{B7F67B73-DAF2-42A0-A79E-6134BA80D976}"
EndProject
Project("{9A19103F-16F7-4668-BE54-9A1E7A4F7556}") = "EJERCICIO3", "EJERCICIO3\EJERCICIO3.csproj", "{684EBE16-FB2E-4647-ACEE-FC088F318C85}"
EndProject
Project("{9A19103F-16F7-4668-BE54-9A1E7A4F7556}") = "EJERCICIO4", "EJERCICIO4\EJERCICIO4.csproj", "{5B265DC6-D730-47B1-B47C-BB864626BE4E}"
EndProject
Project("{9A19103F-16F7-4668-BE54-9A1E7A4F7556}") = "EJERCICIO5", "EJERCICIO5\EJERCICIO5.csproj", "{AABA566F-D131-41D9-B0BC-E5C9091BF9FC}"
EndProject
Project("{9A19103F-16F7-4668-BE54-9A1E7A4F7556}") = "EJERCICIO6", "EJERCICIO6\EJERCICIO6.csproj", "{5FC129C5-92DB-40EB-A4DC-C2A8A11E6722}"
EndProject
Project("{9A19103F-16F7-4668-BE54-9A1E7A4F7556}") = "EJERCICIO7", "EJERCICIO7\EJERCICIO7.csproj", "{179EAAC0-CF42-4515-8548-D842A07DCD2B}"
EndProject
Project("{9A19103F-16F7-4668-BE54-9A1E7A4F7556}") = "EJERCICIO8", "EJERCICIO8\EJERCICIO8.csproj", "{02BE858D-AD41-4F05-A99D-2F2DF63DAC2D}"
EndProject
Project("{9A19103F-16F7-4668-BE54-9A1E7A4F7556}") = "EJERCICIO9", "EJERCICIO9\EJERCICIO9.csproj", "{F748F13B-E639-4C9E-AB47-42A90DABD48B}"
EndProject
Project("{9A19103F-16F7-4668-BE54-9A1E7A4F7556}") = "STRINGS_EJERCICIO1", "STRINGS_EJERCICIO1\STRINGS_EJERCICIO1.csproj", "{B75334FC-FC18-404B-A03D-F31416CB6FCC}"
EndProject
Project("{9A19103F-16F7-4668-BE54-9A1E7A4F7556}") = "STRINGS_EJERCICIO2", "STRINGS_EJERCICIO2\STRINGS_EJERCICIO2.csproj", "{5867FE25-42F3-47C0-9E74-A88A2CCE97C3}"
EndProject
Project("{9A19103F-16F7-4668-BE54-9A1E7A4F7556}") = "STRINGS_EJERCICIO3", "STRINGS_EJERCICIO3\STRINGS_EJERCICIO3.csproj", "{0E2DA666-7714-41B2-A9FF-0632C65E8122}"
EndProject
Project("{9A19103F-16F7-4668-BE54-9A1E7A4F7556}") = "STRINGS_EJERCICIO4", "STRINGS_EJERCICIO4\STRINGS_EJERCICIO4.csproj", "{A9B902D5-D8BB-44F7-8AE0-70B488CEE775}"
EndProject
Project("{9A19103F-16F7-4668-BE54-9A1E7A4F7556}") = "STRINGS_EJERCICIO5", "STRINGS_EJERCICIO5\STRINGS_EJERCICIO5.csproj", "{F6B19882-F1DE-45DD-B26D-F8FEF93E8185}"
EndProject
Project("{9A19103F-16F7-4668-BE54-9A1E7A4F7556}") = "FUNCIONES_EJERCICIO1", "FUNCIONES_EJERCICIO1\FUNCIONES_EJERCICIO1.csproj", "{CE6EE9D5-730F-4A49-B9D0-2B7F5C7D0791}"
EndProject
Project("{9A19103F-16F7-4668-BE54-9A1E7A4F7556}") = "FUNCIONES_EJERCICIO2", "FUNCIONES_EJERCICIO2\FUNCIONES_EJERCICIO2.csproj", "{DB389A60-E86A-4965-BA0C-EC9E27199C4F}"
EndProject
Project("{9A19103F-16F7-4668-BE54-9A1E7A4F7556}") = "FUNCIONES_EJERCICIO3", "FUNCIONES_EJERCICIO3\FUNCIONES_EJERCICIO3.csproj", "{C1075100-BE28-4AB1-B4D6-1E2900277F3C}"
EndProject
Project("{9A19103F-16F7-4668-BE54-9A1E7A4F7556}") = "VECTORES_EJERCICIO1", "VECTORES_EJERCICIO1\VECTORES_EJERCICIO1.csproj", "{EC93997C-1D83-42B7-BD59-0965A475C75F}"
EndProject
Project("{9A19103F-16F7-4668-BE54-9A1E7A4F7556}") = "VECTORES_EJERCICIO2", "VECTORES_EJERCICIOS2\VECTORES_EJERCICIO2.csproj", "{185053AF-DBEA-4B3A-B723-19D8F3264184}"
EndProject
Project("{9A19103F-16F7-4668-BE54-9A1E7A4F7556}") = "VECTORES_EJERCICIO3", "VECTORES_EJERCICIO2\VECTORES_EJERCICIO3.csproj", "{9BBA1DA3-4CFD-4784-BBA8-5BCDBBBFB3AC}"
EndProject
Project("{9A19103F-16F7-4668-BE54-9A1E7A4F7556}") = "VECTORES_EJERCICIO4", "VECTORES_EJERCICIO4\VECTORES_EJERCICIO4.csproj", "{253F81F0-2C20-43C3-9E9D-25630A6B82D7}"
EndProject
Project("{9A19103F-16F7-4668-BE54-9A1E7A4F7556}") = "VECTORES_EJERCICIO5", "VECTORES_EJERCICIO5\VECTORES_EJERCICIO5.csproj", "{BA112685-4F66-4BF3-95B0-84CAE16A2DAD}"
EndProject
Project("{9A19103F-16F7-4668-BE54-9A1E7A4F7556}") = "VECTORES_EJERCICIO6", "VECTORES_EJERCICIO6\VECTORES_EJERCICIO6.csproj", "{1780A288-E461-406A-A435-E5644932D55A}"
EndProject
Project("{9A19103F-16F7-4668-BE54-9A1E7A4F7556}") = "VECTORES_EJERCICIO7", "VECTORES_EJERCICIO7\VECTORES_EJERCICIO7.csproj", "{36E15F0C-3B62-4A03-963E-A3E2A77F9987}"
EndProject
Project("{9A19103F-16F7-4668-BE54-9A1E7A4F7556}") = "OBJETOS_EJERCICIO1", "OBJETOS_EJERCICIO1\OBJETOS_EJERCICIO1.csproj", "{B43411EC-77C3-42CF-A067-E9E4D3115D45}"
EndProject
Project("{9A19103F-16F7-4668-BE54-9A1E7A4F7556}") = "INSTANCIA_AUTO", "INSTANCIA_AUTO\INSTANCIA_AUTO.csproj", "{2AFF7170-D208-4E30-85C0-6DBCDA1694DB}"
EndProject
Project("{9A19103F-16F7-4668-BE54-9A1E7A4F7556}") = "Funciones", "FUNCIONES\Funciones.csproj", "{36CB6758-B70B-43C8-89A6-909307B5845B}"
EndProject
Project("{9A19103F-16F7-4668-BE54-9A1E7A4F7556}") = "FuncionesConVectores", "FuncionesConVectores\FuncionesConVectores.csproj", "{FAC53B88-C1C7-492A-A84A-87E67DC6FCE8}"
EndProject
Project("{9A19103F-16F7-4668-BE54-9A1E7A4F7556}") = "LibreriaDeFunciones", "LibreriaDeFunciones\LibreriaDeFunciones.csproj", "{3C566384-B057-4521-ABFB-99A462A48C2B}"
EndProject
Project("{9A19103F-16F7-4668-BE54-9A1E7A4F7556}") = "OtrasFuncionesConArrays", "OtrasFuncionesConArrays\OtrasFuncionesConArrays.csproj", "{283F1A44-32A9-4705-8FE4-5ECD2296290D}"
EndProject
Project("{9A19103F-16F7-4668-BE54-9A1E7A4F7556}") = "Automoviles", "Automoviles\Automoviles.csproj", "{3426B0FA-35D7-40CE-B0D0-1A86405DA012}"
EndProject
Project("{9A19103F-16F7-4668-BE54-9A1E7A4F7556}") = "TesteoClaseAuto", "TesteoClaseAuto\TesteoClaseAuto.csproj", "{5AF3B357-62D9-4414-86C6-C59D6627128F}"
EndProject
Project("{9A19103F-16F7-4668-BE54-9A1E7A4F7556}") = "TrabajandoConArrays", "TrabajandoConArrays\TrabajandoConArrays.csproj", "{2965A5A5-F292-4550-AEE4-7390B3970829}"
EndProject
Project("{9A19103F-16F7-4668-BE54-9A1E7A4F7556}") = "LibreriaDePersonas", "LibreriaDePersonas\LibreriaDePersonas.csproj", "{32DA4C2E-0D8B-4AC7-8B72-CAD838C3D2F7}"
EndProject
Project("{9A19103F-16F7-4668-BE54-9A1E7A4F7556}") = "TesteoEmpleados", "TesteoEmpleados\TesteoEmpleados.csproj", "{03B4C401-5171-45FA-B9DA-BDA1FAA79CA7}"
EndProject
Project("{9A19103F-16F7-4668-BE54-9A1E7A4F7556}") = "LibreriaDeRobots", "LibreriaDeRobots\LibreriaDeRobots.csproj", "{86C256C5-1E10-418A-976C-DEA3D55F579B}"
EndProject
Project("{9A19103F-16F7-4668-BE54-9A1E7A4F7556}") = "TesteoDeRobots", "TesteoDeRobots\TesteoDeRobots.csproj", "{87070E13-B442-4541-9981-FD9D6797B3EB}"
EndProject
Project("{9A19103F-16F7-4668-BE54-9A1E7A4F7556}") = "BibliotecaColectivo", "BibliotecaColectivo\BibliotecaColectivo.csproj", "{AA2B1509-3E62-45AB-8468-863D806B61BB}"
EndProject
Project("{9A19103F-16F7-4668-BE54-9A1E7A4F7556}") = "TesteoColectivo", "TesteoColectivo\TesteoColectivo.csproj", "{844EED6D-9394-455A-B9AE-2685961C6E49}"
EndProject
Project("{9A19103F-16F7-4668-BE54-9A1E7A4F7556}") = "Bliblioteca_Colectivo", "Bliblioteca_Colectivo\Bliblioteca_Colectivo.csproj", "{626DD18F-7AC7-4750-857F-05A23A939A4C}"
EndProject
Project("{9A19103F-16F7-4668-BE54-9A1E7A4F7556}") = "Testeo_Colectivo", "Testeo_Colectivo\Testeo_Colectivo.csproj", "{4A1F139C-4C18-427D-A4DC-BA4D9AE904DD}"
EndProject
Project("{9A19103F-16F7-4668-BE54-9A1E7A4F7556}") = "Biblioteca_Celulares", "Biblioteca_Celulares\Biblioteca_Celulares.csproj", "{6A5E833B-B7AE-48D5-9E10-3C372777A49C}"
EndProject
Project("{9A19103F-16F7-4668-BE54-9A1E7A4F7556}") = "Testeo_Celulares", "Testeo_Celulares\Testeo_Celulares.csproj", "{0B8B59A5-6824-4E83-BD27-F487233157DA}"
EndProject
Project("{9A19103F-16F7-4668-BE54-9A1E7A4F7556}") = "PrimeraEvaluacion", "PrimeraEvaluacion\PrimeraEvaluacion.csproj", "{D56D125B-AADA-4CB2-83CA-EFD69A4286AC}"
EndProject
Project("{9A19103F-16F7-4668-BE54-9A1E7A4F7556}") = "TesteoPrimeraEvaluacion", "TesteoPrimeraEvaluacion\TesteoPrimeraEvaluacion.csproj", "{33444AB5-43EB-4099-AE7F-CBF9D14BAEE0}"
EndProject
Project("{9A19103F-16F7-4668-BE54-9A1E7A4F7556}") = "FormAuto", "FormAuto\FormAuto.csproj", "{6EC6F298-DC1D-486C-9C52-572B76838750}"
EndProject
Project("{9A19103F-16F7-4668-BE54-9A1E7A4F7556}") = "LibreriaDeStudiante", "LibreriaDeStudiante\LibreriaDeStudiante.csproj", "{B62109A4-53D9-4DAE-9021-606E06580806}"
EndProject
Project("{9A19103F-16F7-4668-BE54-9A1E7A4F7556}") = "TesteoDeStudiante", "TesteoDeStudiante\TesteoDeStudiante.csproj", "{56D87C41-211F-4848-80EA-A4B0BCC85406}"
EndProject
Project("{9A19103F-16F7-4668-BE54-9A1E7A4F7556}") = "FormAlumnos", "FormAlumnos\FormAlumnos.csproj", "{E5AE10B7-DC6E-405F-8170-127917590570}"
EndProject
Project("{9A19103F-16F7-4668-BE54-9A1E7A4F7556}") = "FormRegistrate", "FormRegistrate\FormRegistrate.csproj", "{8D5AD165-6092-4F82-B97F-5CFCA032A427}"
EndProject
Project("{9A19103F-16F7-4668-BE54-9A1E7A4F7556}") = "LibreriaDeLapiceras", "LibreriaDeLapiceras\LibreriaDeLapiceras.csproj", "{6730EC19-99EA-4683-B27C-066148C036E7}"
EndProject
Project("{9A19103F-16F7-4668-BE54-9A1E7A4F7556}") = "FormLapiceras", "FormLapiceras\FormLapiceras.csproj", "{FE31EA25-BDCF-4F41-8E5B-27333ED1224E}"
EndProject
Project("{9A19103F-16F7-4668-BE54-9A1E7A4F7556}") = "LibreriaDeHerencia", "LibreriaDeHerencia\LibreriaDeHerencia.csproj", "{AE95A719-6822-4EBF-935B-A6B535DE756F}"
EndProject
Project("{9A19103F-16F7-4668-BE54-9A1E7A4F7556}") = "TesteoDeHerencia", "TesteoDeHerencia\TesteoDeHerencia.csproj", "{2DD88DF6-0ED9-4286-A46D-4C5B07C2C877}"
EndProject
Project("{9A19103F-16F7-4668-BE54-9A1E7A4F7556}") = "LibreriaDeEmpleado", "BibliotecaDeEmpleado\LibreriaDeEmpleado.csproj", "{E3549508-3901-434C-B705-456992BC68E4}"
EndProject
Project("{9A19103F-16F7-4668-BE54-9A1E7A4F7556}") = "TesteoDeEmpleados", "TesteoDeEmpleados\TesteoDeEmpleados.csproj", "{7B84609F-E592-413C-BE20-BA16CF9406C4}"
EndProject
Project("{FAE04EC0-301F-11D3-BF4B-00C04F79EFBC}") = "LibreriaVehiculos", "LibreriaVehiculos\LibreriaVehiculos.csproj", "{B6C290E4-3F10-4D4B-9DE7-17F4CD2FDB4B}"
EndProject
Project("{FAE04EC0-301F-11D3-BF4B-00C04F79EFBC}") = "Testeo_Vehiculo", "Testeo_Vehiculo\Testeo_Vehiculo.csproj", "{2792D0A1-2EEF-4FC1-9630-E46D2FB74FAC}"
EndProject
Global
	GlobalSection(SolutionConfigurationPlatforms) = preSolution
		Debug|Any CPU = Debug|Any CPU
		Release|Any CPU = Release|Any CPU
	EndGlobalSection
	GlobalSection(ProjectConfigurationPlatforms) = postSolution
		{1D6941EB-DAEF-4DCB-BE2E-C37D1CDEA261}.Debug|Any CPU.ActiveCfg = Debug|Any CPU
		{1D6941EB-DAEF-4DCB-BE2E-C37D1CDEA261}.Debug|Any CPU.Build.0 = Debug|Any CPU
		{1D6941EB-DAEF-4DCB-BE2E-C37D1CDEA261}.Release|Any CPU.ActiveCfg = Release|Any CPU
		{1D6941EB-DAEF-4DCB-BE2E-C37D1CDEA261}.Release|Any CPU.Build.0 = Release|Any CPU
		{27E6908E-E2DA-4F0A-8043-5ED239A67BFE}.Debug|Any CPU.ActiveCfg = Debug|Any CPU
		{27E6908E-E2DA-4F0A-8043-5ED239A67BFE}.Debug|Any CPU.Build.0 = Debug|Any CPU
		{27E6908E-E2DA-4F0A-8043-5ED239A67BFE}.Release|Any CPU.ActiveCfg = Release|Any CPU
		{27E6908E-E2DA-4F0A-8043-5ED239A67BFE}.Release|Any CPU.Build.0 = Release|Any CPU
		{9B9CBD72-50C7-4FF9-86BE-4F8501FB08B9}.Debug|Any CPU.ActiveCfg = Debug|Any CPU
		{9B9CBD72-50C7-4FF9-86BE-4F8501FB08B9}.Debug|Any CPU.Build.0 = Debug|Any CPU
		{9B9CBD72-50C7-4FF9-86BE-4F8501FB08B9}.Release|Any CPU.ActiveCfg = Release|Any CPU
		{9B9CBD72-50C7-4FF9-86BE-4F8501FB08B9}.Release|Any CPU.Build.0 = Release|Any CPU
		{B7F67B73-DAF2-42A0-A79E-6134BA80D976}.Debug|Any CPU.ActiveCfg = Debug|Any CPU
		{B7F67B73-DAF2-42A0-A79E-6134BA80D976}.Debug|Any CPU.Build.0 = Debug|Any CPU
		{B7F67B73-DAF2-42A0-A79E-6134BA80D976}.Release|Any CPU.ActiveCfg = Release|Any CPU
		{B7F67B73-DAF2-42A0-A79E-6134BA80D976}.Release|Any CPU.Build.0 = Release|Any CPU
		{684EBE16-FB2E-4647-ACEE-FC088F318C85}.Debug|Any CPU.ActiveCfg = Debug|Any CPU
		{684EBE16-FB2E-4647-ACEE-FC088F318C85}.Debug|Any CPU.Build.0 = Debug|Any CPU
		{684EBE16-FB2E-4647-ACEE-FC088F318C85}.Release|Any CPU.ActiveCfg = Release|Any CPU
		{684EBE16-FB2E-4647-ACEE-FC088F318C85}.Release|Any CPU.Build.0 = Release|Any CPU
		{5B265DC6-D730-47B1-B47C-BB864626BE4E}.Debug|Any CPU.ActiveCfg = Debug|Any CPU
		{5B265DC6-D730-47B1-B47C-BB864626BE4E}.Debug|Any CPU.Build.0 = Debug|Any CPU
		{5B265DC6-D730-47B1-B47C-BB864626BE4E}.Release|Any CPU.ActiveCfg = Release|Any CPU
		{5B265DC6-D730-47B1-B47C-BB864626BE4E}.Release|Any CPU.Build.0 = Release|Any CPU
		{AABA566F-D131-41D9-B0BC-E5C9091BF9FC}.Debug|Any CPU.ActiveCfg = Debug|Any CPU
		{AABA566F-D131-41D9-B0BC-E5C9091BF9FC}.Debug|Any CPU.Build.0 = Debug|Any CPU
		{AABA566F-D131-41D9-B0BC-E5C9091BF9FC}.Release|Any CPU.ActiveCfg = Release|Any CPU
		{AABA566F-D131-41D9-B0BC-E5C9091BF9FC}.Release|Any CPU.Build.0 = Release|Any CPU
		{5FC129C5-92DB-40EB-A4DC-C2A8A11E6722}.Debug|Any CPU.ActiveCfg = Debug|Any CPU
		{5FC129C5-92DB-40EB-A4DC-C2A8A11E6722}.Debug|Any CPU.Build.0 = Debug|Any CPU
		{5FC129C5-92DB-40EB-A4DC-C2A8A11E6722}.Release|Any CPU.ActiveCfg = Release|Any CPU
		{5FC129C5-92DB-40EB-A4DC-C2A8A11E6722}.Release|Any CPU.Build.0 = Release|Any CPU
		{179EAAC0-CF42-4515-8548-D842A07DCD2B}.Debug|Any CPU.ActiveCfg = Debug|Any CPU
		{179EAAC0-CF42-4515-8548-D842A07DCD2B}.Debug|Any CPU.Build.0 = Debug|Any CPU
		{179EAAC0-CF42-4515-8548-D842A07DCD2B}.Release|Any CPU.ActiveCfg = Release|Any CPU
		{179EAAC0-CF42-4515-8548-D842A07DCD2B}.Release|Any CPU.Build.0 = Release|Any CPU
		{02BE858D-AD41-4F05-A99D-2F2DF63DAC2D}.Debug|Any CPU.ActiveCfg = Debug|Any CPU
		{02BE858D-AD41-4F05-A99D-2F2DF63DAC2D}.Debug|Any CPU.Build.0 = Debug|Any CPU
		{02BE858D-AD41-4F05-A99D-2F2DF63DAC2D}.Release|Any CPU.ActiveCfg = Release|Any CPU
		{02BE858D-AD41-4F05-A99D-2F2DF63DAC2D}.Release|Any CPU.Build.0 = Release|Any CPU
		{F748F13B-E639-4C9E-AB47-42A90DABD48B}.Debug|Any CPU.ActiveCfg = Debug|Any CPU
		{F748F13B-E639-4C9E-AB47-42A90DABD48B}.Debug|Any CPU.Build.0 = Debug|Any CPU
		{F748F13B-E639-4C9E-AB47-42A90DABD48B}.Release|Any CPU.ActiveCfg = Release|Any CPU
		{F748F13B-E639-4C9E-AB47-42A90DABD48B}.Release|Any CPU.Build.0 = Release|Any CPU
		{B75334FC-FC18-404B-A03D-F31416CB6FCC}.Debug|Any CPU.ActiveCfg = Debug|Any CPU
		{B75334FC-FC18-404B-A03D-F31416CB6FCC}.Debug|Any CPU.Build.0 = Debug|Any CPU
		{B75334FC-FC18-404B-A03D-F31416CB6FCC}.Release|Any CPU.ActiveCfg = Release|Any CPU
		{B75334FC-FC18-404B-A03D-F31416CB6FCC}.Release|Any CPU.Build.0 = Release|Any CPU
		{5867FE25-42F3-47C0-9E74-A88A2CCE97C3}.Debug|Any CPU.ActiveCfg = Debug|Any CPU
		{5867FE25-42F3-47C0-9E74-A88A2CCE97C3}.Debug|Any CPU.Build.0 = Debug|Any CPU
		{5867FE25-42F3-47C0-9E74-A88A2CCE97C3}.Release|Any CPU.ActiveCfg = Release|Any CPU
		{5867FE25-42F3-47C0-9E74-A88A2CCE97C3}.Release|Any CPU.Build.0 = Release|Any CPU
		{0E2DA666-7714-41B2-A9FF-0632C65E8122}.Debug|Any CPU.ActiveCfg = Debug|Any CPU
		{0E2DA666-7714-41B2-A9FF-0632C65E8122}.Debug|Any CPU.Build.0 = Debug|Any CPU
		{0E2DA666-7714-41B2-A9FF-0632C65E8122}.Release|Any CPU.ActiveCfg = Release|Any CPU
		{0E2DA666-7714-41B2-A9FF-0632C65E8122}.Release|Any CPU.Build.0 = Release|Any CPU
		{A9B902D5-D8BB-44F7-8AE0-70B488CEE775}.Debug|Any CPU.ActiveCfg = Debug|Any CPU
		{A9B902D5-D8BB-44F7-8AE0-70B488CEE775}.Debug|Any CPU.Build.0 = Debug|Any CPU
		{A9B902D5-D8BB-44F7-8AE0-70B488CEE775}.Release|Any CPU.ActiveCfg = Release|Any CPU
		{A9B902D5-D8BB-44F7-8AE0-70B488CEE775}.Release|Any CPU.Build.0 = Release|Any CPU
		{F6B19882-F1DE-45DD-B26D-F8FEF93E8185}.Debug|Any CPU.ActiveCfg = Debug|Any CPU
		{F6B19882-F1DE-45DD-B26D-F8FEF93E8185}.Debug|Any CPU.Build.0 = Debug|Any CPU
		{F6B19882-F1DE-45DD-B26D-F8FEF93E8185}.Release|Any CPU.ActiveCfg = Release|Any CPU
		{F6B19882-F1DE-45DD-B26D-F8FEF93E8185}.Release|Any CPU.Build.0 = Release|Any CPU
		{CE6EE9D5-730F-4A49-B9D0-2B7F5C7D0791}.Debug|Any CPU.ActiveCfg = Debug|Any CPU
		{CE6EE9D5-730F-4A49-B9D0-2B7F5C7D0791}.Debug|Any CPU.Build.0 = Debug|Any CPU
		{CE6EE9D5-730F-4A49-B9D0-2B7F5C7D0791}.Release|Any CPU.ActiveCfg = Release|Any CPU
		{CE6EE9D5-730F-4A49-B9D0-2B7F5C7D0791}.Release|Any CPU.Build.0 = Release|Any CPU
		{DB389A60-E86A-4965-BA0C-EC9E27199C4F}.Debug|Any CPU.ActiveCfg = Debug|Any CPU
		{DB389A60-E86A-4965-BA0C-EC9E27199C4F}.Debug|Any CPU.Build.0 = Debug|Any CPU
		{DB389A60-E86A-4965-BA0C-EC9E27199C4F}.Release|Any CPU.ActiveCfg = Release|Any CPU
		{DB389A60-E86A-4965-BA0C-EC9E27199C4F}.Release|Any CPU.Build.0 = Release|Any CPU
		{C1075100-BE28-4AB1-B4D6-1E2900277F3C}.Debug|Any CPU.ActiveCfg = Debug|Any CPU
		{C1075100-BE28-4AB1-B4D6-1E2900277F3C}.Debug|Any CPU.Build.0 = Debug|Any CPU
		{C1075100-BE28-4AB1-B4D6-1E2900277F3C}.Release|Any CPU.ActiveCfg = Release|Any CPU
		{C1075100-BE28-4AB1-B4D6-1E2900277F3C}.Release|Any CPU.Build.0 = Release|Any CPU
		{EC93997C-1D83-42B7-BD59-0965A475C75F}.Debug|Any CPU.ActiveCfg = Debug|Any CPU
		{EC93997C-1D83-42B7-BD59-0965A475C75F}.Debug|Any CPU.Build.0 = Debug|Any CPU
		{EC93997C-1D83-42B7-BD59-0965A475C75F}.Release|Any CPU.ActiveCfg = Release|Any CPU
		{EC93997C-1D83-42B7-BD59-0965A475C75F}.Release|Any CPU.Build.0 = Release|Any CPU
		{185053AF-DBEA-4B3A-B723-19D8F3264184}.Debug|Any CPU.ActiveCfg = Debug|Any CPU
		{185053AF-DBEA-4B3A-B723-19D8F3264184}.Debug|Any CPU.Build.0 = Debug|Any CPU
		{185053AF-DBEA-4B3A-B723-19D8F3264184}.Release|Any CPU.ActiveCfg = Release|Any CPU
		{185053AF-DBEA-4B3A-B723-19D8F3264184}.Release|Any CPU.Build.0 = Release|Any CPU
		{9BBA1DA3-4CFD-4784-BBA8-5BCDBBBFB3AC}.Debug|Any CPU.ActiveCfg = Debug|Any CPU
		{9BBA1DA3-4CFD-4784-BBA8-5BCDBBBFB3AC}.Debug|Any CPU.Build.0 = Debug|Any CPU
		{9BBA1DA3-4CFD-4784-BBA8-5BCDBBBFB3AC}.Release|Any CPU.ActiveCfg = Release|Any CPU
		{9BBA1DA3-4CFD-4784-BBA8-5BCDBBBFB3AC}.Release|Any CPU.Build.0 = Release|Any CPU
		{253F81F0-2C20-43C3-9E9D-25630A6B82D7}.Debug|Any CPU.ActiveCfg = Debug|Any CPU
		{253F81F0-2C20-43C3-9E9D-25630A6B82D7}.Debug|Any CPU.Build.0 = Debug|Any CPU
		{253F81F0-2C20-43C3-9E9D-25630A6B82D7}.Release|Any CPU.ActiveCfg = Release|Any CPU
		{253F81F0-2C20-43C3-9E9D-25630A6B82D7}.Release|Any CPU.Build.0 = Release|Any CPU
		{BA112685-4F66-4BF3-95B0-84CAE16A2DAD}.Debug|Any CPU.ActiveCfg = Debug|Any CPU
		{BA112685-4F66-4BF3-95B0-84CAE16A2DAD}.Debug|Any CPU.Build.0 = Debug|Any CPU
		{BA112685-4F66-4BF3-95B0-84CAE16A2DAD}.Release|Any CPU.ActiveCfg = Release|Any CPU
		{BA112685-4F66-4BF3-95B0-84CAE16A2DAD}.Release|Any CPU.Build.0 = Release|Any CPU
		{1780A288-E461-406A-A435-E5644932D55A}.Debug|Any CPU.ActiveCfg = Debug|Any CPU
		{1780A288-E461-406A-A435-E5644932D55A}.Debug|Any CPU.Build.0 = Debug|Any CPU
		{1780A288-E461-406A-A435-E5644932D55A}.Release|Any CPU.ActiveCfg = Release|Any CPU
		{1780A288-E461-406A-A435-E5644932D55A}.Release|Any CPU.Build.0 = Release|Any CPU
		{36E15F0C-3B62-4A03-963E-A3E2A77F9987}.Debug|Any CPU.ActiveCfg = Debug|Any CPU
		{36E15F0C-3B62-4A03-963E-A3E2A77F9987}.Debug|Any CPU.Build.0 = Debug|Any CPU
		{36E15F0C-3B62-4A03-963E-A3E2A77F9987}.Release|Any CPU.ActiveCfg = Release|Any CPU
		{36E15F0C-3B62-4A03-963E-A3E2A77F9987}.Release|Any CPU.Build.0 = Release|Any CPU
		{B43411EC-77C3-42CF-A067-E9E4D3115D45}.Debug|Any CPU.ActiveCfg = Debug|Any CPU
		{B43411EC-77C3-42CF-A067-E9E4D3115D45}.Debug|Any CPU.Build.0 = Debug|Any CPU
		{B43411EC-77C3-42CF-A067-E9E4D3115D45}.Release|Any CPU.ActiveCfg = Release|Any CPU
		{B43411EC-77C3-42CF-A067-E9E4D3115D45}.Release|Any CPU.Build.0 = Release|Any CPU
		{2AFF7170-D208-4E30-85C0-6DBCDA1694DB}.Debug|Any CPU.ActiveCfg = Debug|Any CPU
		{2AFF7170-D208-4E30-85C0-6DBCDA1694DB}.Debug|Any CPU.Build.0 = Debug|Any CPU
		{2AFF7170-D208-4E30-85C0-6DBCDA1694DB}.Release|Any CPU.ActiveCfg = Release|Any CPU
		{2AFF7170-D208-4E30-85C0-6DBCDA1694DB}.Release|Any CPU.Build.0 = Release|Any CPU
		{36CB6758-B70B-43C8-89A6-909307B5845B}.Debug|Any CPU.ActiveCfg = Debug|Any CPU
		{36CB6758-B70B-43C8-89A6-909307B5845B}.Debug|Any CPU.Build.0 = Debug|Any CPU
		{36CB6758-B70B-43C8-89A6-909307B5845B}.Release|Any CPU.ActiveCfg = Release|Any CPU
		{36CB6758-B70B-43C8-89A6-909307B5845B}.Release|Any CPU.Build.0 = Release|Any CPU
		{FAC53B88-C1C7-492A-A84A-87E67DC6FCE8}.Debug|Any CPU.ActiveCfg = Debug|Any CPU
		{FAC53B88-C1C7-492A-A84A-87E67DC6FCE8}.Debug|Any CPU.Build.0 = Debug|Any CPU
		{FAC53B88-C1C7-492A-A84A-87E67DC6FCE8}.Release|Any CPU.ActiveCfg = Release|Any CPU
		{FAC53B88-C1C7-492A-A84A-87E67DC6FCE8}.Release|Any CPU.Build.0 = Release|Any CPU
		{3C566384-B057-4521-ABFB-99A462A48C2B}.Debug|Any CPU.ActiveCfg = Debug|Any CPU
		{3C566384-B057-4521-ABFB-99A462A48C2B}.Debug|Any CPU.Build.0 = Debug|Any CPU
		{3C566384-B057-4521-ABFB-99A462A48C2B}.Release|Any CPU.ActiveCfg = Release|Any CPU
		{3C566384-B057-4521-ABFB-99A462A48C2B}.Release|Any CPU.Build.0 = Release|Any CPU
		{283F1A44-32A9-4705-8FE4-5ECD2296290D}.Debug|Any CPU.ActiveCfg = Debug|Any CPU
		{283F1A44-32A9-4705-8FE4-5ECD2296290D}.Debug|Any CPU.Build.0 = Debug|Any CPU
		{283F1A44-32A9-4705-8FE4-5ECD2296290D}.Release|Any CPU.ActiveCfg = Release|Any CPU
		{283F1A44-32A9-4705-8FE4-5ECD2296290D}.Release|Any CPU.Build.0 = Release|Any CPU
		{3426B0FA-35D7-40CE-B0D0-1A86405DA012}.Debug|Any CPU.ActiveCfg = Debug|Any CPU
		{3426B0FA-35D7-40CE-B0D0-1A86405DA012}.Debug|Any CPU.Build.0 = Debug|Any CPU
		{3426B0FA-35D7-40CE-B0D0-1A86405DA012}.Release|Any CPU.ActiveCfg = Release|Any CPU
		{3426B0FA-35D7-40CE-B0D0-1A86405DA012}.Release|Any CPU.Build.0 = Release|Any CPU
		{5AF3B357-62D9-4414-86C6-C59D6627128F}.Debug|Any CPU.ActiveCfg = Debug|Any CPU
		{5AF3B357-62D9-4414-86C6-C59D6627128F}.Debug|Any CPU.Build.0 = Debug|Any CPU
		{5AF3B357-62D9-4414-86C6-C59D6627128F}.Release|Any CPU.ActiveCfg = Release|Any CPU
		{5AF3B357-62D9-4414-86C6-C59D6627128F}.Release|Any CPU.Build.0 = Release|Any CPU
		{2965A5A5-F292-4550-AEE4-7390B3970829}.Debug|Any CPU.ActiveCfg = Debug|Any CPU
		{2965A5A5-F292-4550-AEE4-7390B3970829}.Debug|Any CPU.Build.0 = Debug|Any CPU
		{2965A5A5-F292-4550-AEE4-7390B3970829}.Release|Any CPU.ActiveCfg = Release|Any CPU
		{2965A5A5-F292-4550-AEE4-7390B3970829}.Release|Any CPU.Build.0 = Release|Any CPU
		{32DA4C2E-0D8B-4AC7-8B72-CAD838C3D2F7}.Debug|Any CPU.ActiveCfg = Debug|Any CPU
		{32DA4C2E-0D8B-4AC7-8B72-CAD838C3D2F7}.Debug|Any CPU.Build.0 = Debug|Any CPU
		{32DA4C2E-0D8B-4AC7-8B72-CAD838C3D2F7}.Release|Any CPU.ActiveCfg = Release|Any CPU
		{32DA4C2E-0D8B-4AC7-8B72-CAD838C3D2F7}.Release|Any CPU.Build.0 = Release|Any CPU
		{03B4C401-5171-45FA-B9DA-BDA1FAA79CA7}.Debug|Any CPU.ActiveCfg = Debug|Any CPU
		{03B4C401-5171-45FA-B9DA-BDA1FAA79CA7}.Debug|Any CPU.Build.0 = Debug|Any CPU
		{03B4C401-5171-45FA-B9DA-BDA1FAA79CA7}.Release|Any CPU.ActiveCfg = Release|Any CPU
		{03B4C401-5171-45FA-B9DA-BDA1FAA79CA7}.Release|Any CPU.Build.0 = Release|Any CPU
		{86C256C5-1E10-418A-976C-DEA3D55F579B}.Debug|Any CPU.ActiveCfg = Debug|Any CPU
		{86C256C5-1E10-418A-976C-DEA3D55F579B}.Debug|Any CPU.Build.0 = Debug|Any CPU
		{86C256C5-1E10-418A-976C-DEA3D55F579B}.Release|Any CPU.ActiveCfg = Release|Any CPU
		{86C256C5-1E10-418A-976C-DEA3D55F579B}.Release|Any CPU.Build.0 = Release|Any CPU
		{87070E13-B442-4541-9981-FD9D6797B3EB}.Debug|Any CPU.ActiveCfg = Debug|Any CPU
		{87070E13-B442-4541-9981-FD9D6797B3EB}.Debug|Any CPU.Build.0 = Debug|Any CPU
		{87070E13-B442-4541-9981-FD9D6797B3EB}.Release|Any CPU.ActiveCfg = Release|Any CPU
		{87070E13-B442-4541-9981-FD9D6797B3EB}.Release|Any CPU.Build.0 = Release|Any CPU
		{AA2B1509-3E62-45AB-8468-863D806B61BB}.Debug|Any CPU.ActiveCfg = Debug|Any CPU
		{AA2B1509-3E62-45AB-8468-863D806B61BB}.Debug|Any CPU.Build.0 = Debug|Any CPU
		{AA2B1509-3E62-45AB-8468-863D806B61BB}.Release|Any CPU.ActiveCfg = Release|Any CPU
		{AA2B1509-3E62-45AB-8468-863D806B61BB}.Release|Any CPU.Build.0 = Release|Any CPU
		{844EED6D-9394-455A-B9AE-2685961C6E49}.Debug|Any CPU.ActiveCfg = Debug|Any CPU
		{844EED6D-9394-455A-B9AE-2685961C6E49}.Debug|Any CPU.Build.0 = Debug|Any CPU
		{844EED6D-9394-455A-B9AE-2685961C6E49}.Release|Any CPU.ActiveCfg = Release|Any CPU
		{844EED6D-9394-455A-B9AE-2685961C6E49}.Release|Any CPU.Build.0 = Release|Any CPU
		{626DD18F-7AC7-4750-857F-05A23A939A4C}.Debug|Any CPU.ActiveCfg = Debug|Any CPU
		{626DD18F-7AC7-4750-857F-05A23A939A4C}.Debug|Any CPU.Build.0 = Debug|Any CPU
		{626DD18F-7AC7-4750-857F-05A23A939A4C}.Release|Any CPU.ActiveCfg = Release|Any CPU
		{626DD18F-7AC7-4750-857F-05A23A939A4C}.Release|Any CPU.Build.0 = Release|Any CPU
		{4A1F139C-4C18-427D-A4DC-BA4D9AE904DD}.Debug|Any CPU.ActiveCfg = Debug|Any CPU
		{4A1F139C-4C18-427D-A4DC-BA4D9AE904DD}.Debug|Any CPU.Build.0 = Debug|Any CPU
		{4A1F139C-4C18-427D-A4DC-BA4D9AE904DD}.Release|Any CPU.ActiveCfg = Release|Any CPU
		{4A1F139C-4C18-427D-A4DC-BA4D9AE904DD}.Release|Any CPU.Build.0 = Release|Any CPU
		{6A5E833B-B7AE-48D5-9E10-3C372777A49C}.Debug|Any CPU.ActiveCfg = Debug|Any CPU
		{6A5E833B-B7AE-48D5-9E10-3C372777A49C}.Debug|Any CPU.Build.0 = Debug|Any CPU
		{6A5E833B-B7AE-48D5-9E10-3C372777A49C}.Release|Any CPU.ActiveCfg = Release|Any CPU
		{6A5E833B-B7AE-48D5-9E10-3C372777A49C}.Release|Any CPU.Build.0 = Release|Any CPU
		{0B8B59A5-6824-4E83-BD27-F487233157DA}.Debug|Any CPU.ActiveCfg = Debug|Any CPU
		{0B8B59A5-6824-4E83-BD27-F487233157DA}.Debug|Any CPU.Build.0 = Debug|Any CPU
		{0B8B59A5-6824-4E83-BD27-F487233157DA}.Release|Any CPU.ActiveCfg = Release|Any CPU
		{0B8B59A5-6824-4E83-BD27-F487233157DA}.Release|Any CPU.Build.0 = Release|Any CPU
		{D56D125B-AADA-4CB2-83CA-EFD69A4286AC}.Debug|Any CPU.ActiveCfg = Debug|Any CPU
		{D56D125B-AADA-4CB2-83CA-EFD69A4286AC}.Debug|Any CPU.Build.0 = Debug|Any CPU
		{D56D125B-AADA-4CB2-83CA-EFD69A4286AC}.Release|Any CPU.ActiveCfg = Release|Any CPU
		{D56D125B-AADA-4CB2-83CA-EFD69A4286AC}.Release|Any CPU.Build.0 = Release|Any CPU
		{33444AB5-43EB-4099-AE7F-CBF9D14BAEE0}.Debug|Any CPU.ActiveCfg = Debug|Any CPU
		{33444AB5-43EB-4099-AE7F-CBF9D14BAEE0}.Debug|Any CPU.Build.0 = Debug|Any CPU
		{33444AB5-43EB-4099-AE7F-CBF9D14BAEE0}.Release|Any CPU.ActiveCfg = Release|Any CPU
		{33444AB5-43EB-4099-AE7F-CBF9D14BAEE0}.Release|Any CPU.Build.0 = Release|Any CPU
		{6EC6F298-DC1D-486C-9C52-572B76838750}.Debug|Any CPU.ActiveCfg = Debug|Any CPU
		{6EC6F298-DC1D-486C-9C52-572B76838750}.Debug|Any CPU.Build.0 = Debug|Any CPU
		{6EC6F298-DC1D-486C-9C52-572B76838750}.Release|Any CPU.ActiveCfg = Release|Any CPU
		{6EC6F298-DC1D-486C-9C52-572B76838750}.Release|Any CPU.Build.0 = Release|Any CPU
		{B62109A4-53D9-4DAE-9021-606E06580806}.Debug|Any CPU.ActiveCfg = Debug|Any CPU
		{B62109A4-53D9-4DAE-9021-606E06580806}.Debug|Any CPU.Build.0 = Debug|Any CPU
		{B62109A4-53D9-4DAE-9021-606E06580806}.Release|Any CPU.ActiveCfg = Release|Any CPU
		{B62109A4-53D9-4DAE-9021-606E06580806}.Release|Any CPU.Build.0 = Release|Any CPU
		{56D87C41-211F-4848-80EA-A4B0BCC85406}.Debug|Any CPU.ActiveCfg = Debug|Any CPU
		{56D87C41-211F-4848-80EA-A4B0BCC85406}.Debug|Any CPU.Build.0 = Debug|Any CPU
		{56D87C41-211F-4848-80EA-A4B0BCC85406}.Release|Any CPU.ActiveCfg = Release|Any CPU
		{56D87C41-211F-4848-80EA-A4B0BCC85406}.Release|Any CPU.Build.0 = Release|Any CPU
		{E5AE10B7-DC6E-405F-8170-127917590570}.Debug|Any CPU.ActiveCfg = Debug|Any CPU
		{E5AE10B7-DC6E-405F-8170-127917590570}.Debug|Any CPU.Build.0 = Debug|Any CPU
		{E5AE10B7-DC6E-405F-8170-127917590570}.Release|Any CPU.ActiveCfg = Release|Any CPU
		{E5AE10B7-DC6E-405F-8170-127917590570}.Release|Any CPU.Build.0 = Release|Any CPU
		{8D5AD165-6092-4F82-B97F-5CFCA032A427}.Debug|Any CPU.ActiveCfg = Debug|Any CPU
		{8D5AD165-6092-4F82-B97F-5CFCA032A427}.Debug|Any CPU.Build.0 = Debug|Any CPU
		{8D5AD165-6092-4F82-B97F-5CFCA032A427}.Release|Any CPU.ActiveCfg = Release|Any CPU
		{8D5AD165-6092-4F82-B97F-5CFCA032A427}.Release|Any CPU.Build.0 = Release|Any CPU
		{6730EC19-99EA-4683-B27C-066148C036E7}.Debug|Any CPU.ActiveCfg = Debug|Any CPU
		{6730EC19-99EA-4683-B27C-066148C036E7}.Debug|Any CPU.Build.0 = Debug|Any CPU
		{6730EC19-99EA-4683-B27C-066148C036E7}.Release|Any CPU.ActiveCfg = Release|Any CPU
		{6730EC19-99EA-4683-B27C-066148C036E7}.Release|Any CPU.Build.0 = Release|Any CPU
		{FE31EA25-BDCF-4F41-8E5B-27333ED1224E}.Debug|Any CPU.ActiveCfg = Debug|Any CPU
		{FE31EA25-BDCF-4F41-8E5B-27333ED1224E}.Debug|Any CPU.Build.0 = Debug|Any CPU
		{FE31EA25-BDCF-4F41-8E5B-27333ED1224E}.Release|Any CPU.ActiveCfg = Release|Any CPU
		{FE31EA25-BDCF-4F41-8E5B-27333ED1224E}.Release|Any CPU.Build.0 = Release|Any CPU
		{AE95A719-6822-4EBF-935B-A6B535DE756F}.Debug|Any CPU.ActiveCfg = Debug|Any CPU
		{AE95A719-6822-4EBF-935B-A6B535DE756F}.Debug|Any CPU.Build.0 = Debug|Any CPU
		{AE95A719-6822-4EBF-935B-A6B535DE756F}.Release|Any CPU.ActiveCfg = Release|Any CPU
		{AE95A719-6822-4EBF-935B-A6B535DE756F}.Release|Any CPU.Build.0 = Release|Any CPU
		{2DD88DF6-0ED9-4286-A46D-4C5B07C2C877}.Debug|Any CPU.ActiveCfg = Debug|Any CPU
		{2DD88DF6-0ED9-4286-A46D-4C5B07C2C877}.Debug|Any CPU.Build.0 = Debug|Any CPU
		{2DD88DF6-0ED9-4286-A46D-4C5B07C2C877}.Release|Any CPU.ActiveCfg = Release|Any CPU
		{2DD88DF6-0ED9-4286-A46D-4C5B07C2C877}.Release|Any CPU.Build.0 = Release|Any CPU
		{E3549508-3901-434C-B705-456992BC68E4}.Debug|Any CPU.ActiveCfg = Debug|Any CPU
		{E3549508-3901-434C-B705-456992BC68E4}.Debug|Any CPU.Build.0 = Debug|Any CPU
		{E3549508-3901-434C-B705-456992BC68E4}.Release|Any CPU.ActiveCfg = Release|Any CPU
		{E3549508-3901-434C-B705-456992BC68E4}.Release|Any CPU.Build.0 = Release|Any CPU
		{7B84609F-E592-413C-BE20-BA16CF9406C4}.Debug|Any CPU.ActiveCfg = Debug|Any CPU
		{7B84609F-E592-413C-BE20-BA16CF9406C4}.Debug|Any CPU.Build.0 = Debug|Any CPU
		{7B84609F-E592-413C-BE20-BA16CF9406C4}.Release|Any CPU.ActiveCfg = Release|Any CPU
		{7B84609F-E592-413C-BE20-BA16CF9406C4}.Release|Any CPU.Build.0 = Release|Any CPU
		{B6C290E4-3F10-4D4B-9DE7-17F4CD2FDB4B}.Debug|Any CPU.ActiveCfg = Debug|Any CPU
		{B6C290E4-3F10-4D4B-9DE7-17F4CD2FDB4B}.Debug|Any CPU.Build.0 = Debug|Any CPU
		{B6C290E4-3F10-4D4B-9DE7-17F4CD2FDB4B}.Release|Any CPU.ActiveCfg = Release|Any CPU
		{B6C290E4-3F10-4D4B-9DE7-17F4CD2FDB4B}.Release|Any CPU.Build.0 = Release|Any CPU
		{2792D0A1-2EEF-4FC1-9630-E46D2FB74FAC}.Debug|Any CPU.ActiveCfg = Debug|Any CPU
		{2792D0A1-2EEF-4FC1-9630-E46D2FB74FAC}.Debug|Any CPU.Build.0 = Debug|Any CPU
		{2792D0A1-2EEF-4FC1-9630-E46D2FB74FAC}.Release|Any CPU.ActiveCfg = Release|Any CPU
		{2792D0A1-2EEF-4FC1-9630-E46D2FB74FAC}.Release|Any CPU.Build.0 = Release|Any CPU
	EndGlobalSection
	GlobalSection(SolutionProperties) = preSolution
		HideSolutionNode = FALSE
	EndGlobalSection
	GlobalSection(ExtensibilityGlobals) = postSolution
		SolutionGuid = {4A26D62F-2B1B-40EA-B23C-223EEA056477}
	EndGlobalSection
EndGlobal
