
Microsoft Visual Studio Solution File, Format Version 12.00
# Visual Studio Version 17
VisualStudioVersion = 17.9.34701.34
MinimumVisualStudioVersion = 10.0.40219.1
Project("{9A19103F-16F7-4668-BE54-9A1E7A4F7556}") = "primera_clase", "primera_clase\primera_clase.csproj", "{1D6941EB-DAEF-4DCB-BE2E-C37D1CDEA261}"
EndProject
Project("{9A19103F-16F7-4668-BE54-9A1E7A4F7556}") = "RepasoCondicionales", "RepasoCondicionales\RepasoCondicionales.csproj", "{27E6908E-E2DA-4F0A-8043-5ED239A67BFE}"
EndProject
Project("{9A19103F-16F7-4668-BE54-9A1E7A4F7556}") = "EJERCICIO1", "EJERCICIO1\EJERCICIO1.csproj", "{9B9CBD72-50C7-4FF9-86BE-4F8501FB08B9}"
EndProject
Project("{9A19103F-16F7-4668-BE54-9A1E7A4F7556}") = "EJERCICIO2", "EJERCICIO2\EJERCICIO2.csproj", "{B7F67B73-DAF2-42A0-A79E-6134BA80D976}"
EndProject
Project("{9A19103F-16F7-4668-BE54-9A1E7A4F7556}") = "EJERCICIO3", "EJERCICIO3\EJERCICIO3.csproj", "{684EBE16-FB2E-4647-ACEE-FC088F318C85}"
EndProject
Project("{9A19103F-16F7-4668-BE54-9A1E7A4F7556}") = "EJERCICIO4", "EJERCICIO4\EJERCICIO4.csproj", "{5B265DC6-D730-47B1-B47C-BB864626BE4E}"
EndProject
Project("{9A19103F-16F7-4668-BE54-9A1E7A4F7556}") = "EJERCICIO5", "EJERCICIO5\EJERCICIO5.csproj", "{AABA566F-D131-41D9-B0BC-E5C9091BF9FC}"
EndProject
Project("{9A19103F-16F7-4668-BE54-9A1E7A4F7556}") = "EJERCICIO6", "EJERCICIO6\EJERCICIO6.csproj", "{5FC129C5-92DB-40EB-A4DC-C2A8A11E6722}"
EndProject
Project("{9A19103F-16F7-4668-BE54-9A1E7A4F7556}") = "EJERCICIO7", "EJERCICIO7\EJERCICIO7.csproj", "{179EAAC0-CF42-4515-8548-D842A07DCD2B}"
EndProject
Project("{9A19103F-16F7-4668-BE54-9A1E7A4F7556}") = "EJERCICIO8", "EJERCICIO8\EJERCICIO8.csproj", "{02BE858D-AD41-4F05-A99D-2F2DF63DAC2D}"
EndProject
Project("{9A19103F-16F7-4668-BE54-9A1E7A4F7556}") = "EJERCICIO9", "EJERCICIO9\EJERCICIO9.csproj", "{F748F13B-E639-4C9E-AB47-42A90DABD48B}"
EndProject
Project("{9A19103F-16F7-4668-BE54-9A1E7A4F7556}") = "STRINGS_EJERCICIO1", "STRINGS_EJERCICIO1\STRINGS_EJERCICIO1.csproj", "{B75334FC-FC18-404B-A03D-F31416CB6FCC}"
EndProject
Project("{9A19103F-16F7-4668-BE54-9A1E7A4F7556}") = "STRINGS_EJERCICIO2", "STRINGS_EJERCICIO2\STRINGS_EJERCICIO2.csproj", "{5867FE25-42F3-47C0-9E74-A88A2CCE97C3}"
EndProject
Project("{FAE04EC0-301F-11D3-BF4B-00C04F79EFBC}") = "STRINGS_EJERCICIO3", "STRINGS_EJERCICIO3\STRINGS_EJERCICIO3.csproj", "{0E2DA666-7714-41B2-A9FF-0632C65E8122}"
EndProject
Global
	GlobalSection(SolutionConfigurationPlatforms) = preSolution
		Debug|Any CPU = Debug|Any CPU
		Release|Any CPU = Release|Any CPU
	EndGlobalSection
	GlobalSection(ProjectConfigurationPlatforms) = postSolution
		{1D6941EB-DAEF-4DCB-BE2E-C37D1CDEA261}.Debug|Any CPU.ActiveCfg = Debug|Any CPU
		{1D6941EB-DAEF-4DCB-BE2E-C37D1CDEA261}.Debug|Any CPU.Build.0 = Debug|Any CPU
		{1D6941EB-DAEF-4DCB-BE2E-C37D1CDEA261}.Release|Any CPU.ActiveCfg = Release|Any CPU
		{1D6941EB-DAEF-4DCB-BE2E-C37D1CDEA261}.Release|Any CPU.Build.0 = Release|Any CPU
		{27E6908E-E2DA-4F0A-8043-5ED239A67BFE}.Debug|Any CPU.ActiveCfg = Debug|Any CPU
		{27E6908E-E2DA-4F0A-8043-5ED239A67BFE}.Debug|Any CPU.Build.0 = Debug|Any CPU
		{27E6908E-E2DA-4F0A-8043-5ED239A67BFE}.Release|Any CPU.ActiveCfg = Release|Any CPU
		{27E6908E-E2DA-4F0A-8043-5ED239A67BFE}.Release|Any CPU.Build.0 = Release|Any CPU
		{9B9CBD72-50C7-4FF9-86BE-4F8501FB08B9}.Debug|Any CPU.ActiveCfg = Debug|Any CPU
		{9B9CBD72-50C7-4FF9-86BE-4F8501FB08B9}.Debug|Any CPU.Build.0 = Debug|Any CPU
		{9B9CBD72-50C7-4FF9-86BE-4F8501FB08B9}.Release|Any CPU.ActiveCfg = Release|Any CPU
		{9B9CBD72-50C7-4FF9-86BE-4F8501FB08B9}.Release|Any CPU.Build.0 = Release|Any CPU
		{B7F67B73-DAF2-42A0-A79E-6134BA80D976}.Debug|Any CPU.ActiveCfg = Debug|Any CPU
		{B7F67B73-DAF2-42A0-A79E-6134BA80D976}.Debug|Any CPU.Build.0 = Debug|Any CPU
		{B7F67B73-DAF2-42A0-A79E-6134BA80D976}.Release|Any CPU.ActiveCfg = Release|Any CPU
		{B7F67B73-DAF2-42A0-A79E-6134BA80D976}.Release|Any CPU.Build.0 = Release|Any CPU
		{684EBE16-FB2E-4647-ACEE-FC088F318C85}.Debug|Any CPU.ActiveCfg = Debug|Any CPU
		{684EBE16-FB2E-4647-ACEE-FC088F318C85}.Debug|Any CPU.Build.0 = Debug|Any CPU
		{684EBE16-FB2E-4647-ACEE-FC088F318C85}.Release|Any CPU.ActiveCfg = Release|Any CPU
		{684EBE16-FB2E-4647-ACEE-FC088F318C85}.Release|Any CPU.Build.0 = Release|Any CPU
		{5B265DC6-D730-47B1-B47C-BB864626BE4E}.Debug|Any CPU.ActiveCfg = Debug|Any CPU
		{5B265DC6-D730-47B1-B47C-BB864626BE4E}.Debug|Any CPU.Build.0 = Debug|Any CPU
		{5B265DC6-D730-47B1-B47C-BB864626BE4E}.Release|Any CPU.ActiveCfg = Release|Any CPU
		{5B265DC6-D730-47B1-B47C-BB864626BE4E}.Release|Any CPU.Build.0 = Release|Any CPU
		{AABA566F-D131-41D9-B0BC-E5C9091BF9FC}.Debug|Any CPU.ActiveCfg = Debug|Any CPU
		{AABA566F-D131-41D9-B0BC-E5C9091BF9FC}.Debug|Any CPU.Build.0 = Debug|Any CPU
		{AABA566F-D131-41D9-B0BC-E5C9091BF9FC}.Release|Any CPU.ActiveCfg = Release|Any CPU
		{AABA566F-D131-41D9-B0BC-E5C9091BF9FC}.Release|Any CPU.Build.0 = Release|Any CPU
		{5FC129C5-92DB-40EB-A4DC-C2A8A11E6722}.Debug|Any CPU.ActiveCfg = Debug|Any CPU
		{5FC129C5-92DB-40EB-A4DC-C2A8A11E6722}.Debug|Any CPU.Build.0 = Debug|Any CPU
		{5FC129C5-92DB-40EB-A4DC-C2A8A11E6722}.Release|Any CPU.ActiveCfg = Release|Any CPU
		{5FC129C5-92DB-40EB-A4DC-C2A8A11E6722}.Release|Any CPU.Build.0 = Release|Any CPU
		{179EAAC0-CF42-4515-8548-D842A07DCD2B}.Debug|Any CPU.ActiveCfg = Debug|Any CPU
		{179EAAC0-CF42-4515-8548-D842A07DCD2B}.Debug|Any CPU.Build.0 = Debug|Any CPU
		{179EAAC0-CF42-4515-8548-D842A07DCD2B}.Release|Any CPU.ActiveCfg = Release|Any CPU
		{179EAAC0-CF42-4515-8548-D842A07DCD2B}.Release|Any CPU.Build.0 = Release|Any CPU
		{02BE858D-AD41-4F05-A99D-2F2DF63DAC2D}.Debug|Any CPU.ActiveCfg = Debug|Any CPU
		{02BE858D-AD41-4F05-A99D-2F2DF63DAC2D}.Debug|Any CPU.Build.0 = Debug|Any CPU
		{02BE858D-AD41-4F05-A99D-2F2DF63DAC2D}.Release|Any CPU.ActiveCfg = Release|Any CPU
		{02BE858D-AD41-4F05-A99D-2F2DF63DAC2D}.Release|Any CPU.Build.0 = Release|Any CPU
		{F748F13B-E639-4C9E-AB47-42A90DABD48B}.Debug|Any CPU.ActiveCfg = Debug|Any CPU
		{F748F13B-E639-4C9E-AB47-42A90DABD48B}.Debug|Any CPU.Build.0 = Debug|Any CPU
		{F748F13B-E639-4C9E-AB47-42A90DABD48B}.Release|Any CPU.ActiveCfg = Release|Any CPU
		{F748F13B-E639-4C9E-AB47-42A90DABD48B}.Release|Any CPU.Build.0 = Release|Any CPU
		{B75334FC-FC18-404B-A03D-F31416CB6FCC}.Debug|Any CPU.ActiveCfg = Debug|Any CPU
		{B75334FC-FC18-404B-A03D-F31416CB6FCC}.Debug|Any CPU.Build.0 = Debug|Any CPU
		{B75334FC-FC18-404B-A03D-F31416CB6FCC}.Release|Any CPU.ActiveCfg = Release|Any CPU
		{B75334FC-FC18-404B-A03D-F31416CB6FCC}.Release|Any CPU.Build.0 = Release|Any CPU
		{5867FE25-42F3-47C0-9E74-A88A2CCE97C3}.Debug|Any CPU.ActiveCfg = Debug|Any CPU
		{5867FE25-42F3-47C0-9E74-A88A2CCE97C3}.Debug|Any CPU.Build.0 = Debug|Any CPU
		{5867FE25-42F3-47C0-9E74-A88A2CCE97C3}.Release|Any CPU.ActiveCfg = Release|Any CPU
		{5867FE25-42F3-47C0-9E74-A88A2CCE97C3}.Release|Any CPU.Build.0 = Release|Any CPU
		{0E2DA666-7714-41B2-A9FF-0632C65E8122}.Debug|Any CPU.ActiveCfg = Debug|Any CPU
		{0E2DA666-7714-41B2-A9FF-0632C65E8122}.Debug|Any CPU.Build.0 = Debug|Any CPU
		{0E2DA666-7714-41B2-A9FF-0632C65E8122}.Release|Any CPU.ActiveCfg = Release|Any CPU
		{0E2DA666-7714-41B2-A9FF-0632C65E8122}.Release|Any CPU.Build.0 = Release|Any CPU
	EndGlobalSection
	GlobalSection(SolutionProperties) = preSolution
		HideSolutionNode = FALSE
	EndGlobalSection
	GlobalSection(ExtensibilityGlobals) = postSolution
		SolutionGuid = {4A26D62F-2B1B-40EA-B23C-223EEA056477}
	EndGlobalSection
EndGlobal
